<?xml version="1.0" encoding="utf-8"?>
<Project ToolsVersion="4.0" xmlns="http://schemas.microsoft.com/developer/msbuild/2003">
  <ItemGroup>
    <Filter Include="Source Files">
      <UniqueIdentifier>{4FC737F1-C7A5-4376-A066-2A32D752A2FF}</UniqueIdentifier>
      <Extensions>cpp;c;cc;cxx;def;odl;idl;hpj;bat;asm;asmx</Extensions>
    </Filter>
    <Filter Include="Header Files">
      <UniqueIdentifier>{93995380-89BD-4b04-88EB-625FBE52EBFB}</UniqueIdentifier>
      <Extensions>h;hpp;hxx;hm;inl;inc;xsd</Extensions>
    </Filter>
    <Filter Include="Resource Files">
      <UniqueIdentifier>{67DA6AB6-F800-4c08-8B7A-83BB121AAD01}</UniqueIdentifier>
      <Extensions>rc;ico;cur;bmp;dlg;rc2;rct;bin;rgs;gif;jpg;jpeg;jpe;resx;tiff;tif;png;wav</Extensions>
    </Filter>
  </ItemGroup>
  <ItemGroup>
    <ClCompile Include="src\SWE_Block.cpp">
      <Filter>Source Files</Filter>
    </ClCompile>
    <ClCompile Include="src\SWE_RusanovBlock.cpp">
      <Filter>Source Files</Filter>
    </ClCompile>
    <ClCompile Include="src\SWE_WavePropagationBlock.cpp">
      <Filter>Source Files</Filter>
    </ClCompile>
    <ClCompile Include="src\examples\swe_wavepropagation.cpp">
      <Filter>Source Files</Filter>
    </ClCompile>
  </ItemGroup>
  <ItemGroup>
    <ClInclude Include="src\scenarios\SWE_Scenario.h">
      <Filter>Header Files</Filter>
    </ClInclude>
    <ClInclude Include="src\scenarios\SWE_simple_scenarios.h">
      <Filter>Header Files</Filter>
    </ClInclude>
    <ClInclude Include="src\scenarios\SWE_AsagiScenario.hpp">
      <Filter>Header Files</Filter>
    </ClInclude>
    <ClInclude Include="src\tools\Logger.hpp">
      <Filter>Header Files</Filter>
    </ClInclude>
    <ClInclude Include="src\SWE_WavePropagationBlockCuda.hh" />
    <ClInclude Include="src\SWE_WavePropagationBlockCuda_kernels.hh" />
    <ClInclude Include="src\solvers\augrie.hpp">
      <Filter>Header Files</Filter>
    </ClInclude>
    <ClInclude Include="src\solvers\augriegeoclaw.hpp">
      <Filter>Header Files</Filter>
    </ClInclude>
    <ClInclude Include="src\solvers\fwave.hpp">
      <Filter>Header Files</Filter>
    </ClInclude>
    <ClInclude Include="src\solvers\FWaveCuda.h">
      <Filter>Header Files</Filter>
    </ClInclude>
    <ClInclude Include="src\solvers\hybrid.hpp">
      <Filter>Header Files</Filter>
    </ClInclude>
    <ClInclude Include="src\solvers\wavepropagation.hpp">
      <Filter>Header Files</Filter>
    </ClInclude>
  </ItemGroup>
  <ItemGroup>
    <CudaCompile Include="src\SWE_BlockCUDA.cu" />
    <CudaCompile Include="src\SWE_BlockCUDA_kernels.cu" />
    <CudaCompile Include="src\SWE_RusanovBlockCUDA.cu" />
    <CudaCompile Include="src\SWE_RusanovBlockCUDA_kernels.cu" />
    <CudaCompile Include="src\SWE_WavePropagationBlockCuda.cu" />
    <CudaCompile Include="src\SWE_WavePropagationBlockCuda_kernels.cu" />
  </ItemGroup>
  <ItemGroup>
    <None Include="src\swe_blockcuda.hh" />
    <None Include="src\swe_rusanovblock.hh" />
    <None Include="src\SWE_BlockCUDA_kernels.hh" />
    <None Include="src\swe_block.hh" />
    <None Include="src\SWE_RusanovBlockCUDA.hh" />
    <None Include="src\SWE_RusanovBlockCUDA_kernels.hh" />
    <None Include="src\swe_wavepropagationblock.hh" />
  </ItemGroup>
</Project>